
Microsoft Visual Studio Solution File, Format Version 12.00
# Visual Studio Version 16
VisualStudioVersion = 16.0.31313.79
MinimumVisualStudioVersion = 10.0.40219.1
Project("{9A19103F-16F7-4668-BE54-9A1E7A4F7556}") = "iSAMS.Utilities.Reporting.CustomFieldRenaming", "iSAMS.Utilities.Reporting.CustomFieldRenaming.csproj", "{CFC8AEB0-3D2E-45F5-8D79-EB7197676D8C}"
EndProject
Global
	GlobalSection(SolutionConfigurationPlatforms) = preSolution
		Debug|Any CPU = Debug|Any CPU
		Release|Any CPU = Release|Any CPU
	EndGlobalSection
	GlobalSection(ProjectConfigurationPlatforms) = postSolution
		{CFC8AEB0-3D2E-45F5-8D79-EB7197676D8C}.Debug|Any CPU.ActiveCfg = Debug|Any CPU
		{CFC8AEB0-3D2E-45F5-8D79-EB7197676D8C}.Debug|Any CPU.Build.0 = Debug|Any CPU
		{CFC8AEB0-3D2E-45F5-8D79-EB7197676D8C}.Release|Any CPU.ActiveCfg = Release|Any CPU
		{CFC8AEB0-3D2E-45F5-8D79-EB7197676D8C}.Release|Any CPU.Build.0 = Release|Any CPU
	EndGlobalSection
	GlobalSection(SolutionProperties) = preSolution
		HideSolutionNode = FALSE
	EndGlobalSection
	GlobalSection(ExtensibilityGlobals) = postSolution
		SolutionGuid = {060BB768-C2F8-411D-A97B-835B06674E5C}
	EndGlobalSection
EndGlobal
